
Microsoft Visual Studio Solution File, Format Version 12.00
# Visual Studio Version 16
VisualStudioVersion = 16.0.29306.81
MinimumVisualStudioVersion = 10.0.40219.1
Project("{8BC9CEB8-8B4A-11D0-8D11-00A0C91BC942}") = "Day 4 - Secure Container", "Day 4 - Secure Container.vcxproj", "{589E5390-40AC-47FE-BDBF-6D608B871BB3}"
EndProject
Global
	GlobalSection(SolutionConfigurationPlatforms) = preSolution
		Debug|x64 = Debug|x64
		Debug|x86 = Debug|x86
		Release|x64 = Release|x64
		Release|x86 = Release|x86
	EndGlobalSection
	GlobalSection(ProjectConfigurationPlatforms) = postSolution
		{589E5390-40AC-47FE-BDBF-6D608B871BB3}.Debug|x64.ActiveCfg = Debug|x64
		{589E5390-40AC-47FE-BDBF-6D608B871BB3}.Debug|x64.Build.0 = Debug|x64
		{589E5390-40AC-47FE-BDBF-6D608B871BB3}.Debug|x86.ActiveCfg = Debug|Win32
		{589E5390-40AC-47FE-BDBF-6D608B871BB3}.Debug|x86.Build.0 = Debug|Win32
		{589E5390-40AC-47FE-BDBF-6D608B871BB3}.Release|x64.ActiveCfg = Release|x64
		{589E5390-40AC-47FE-BDBF-6D608B871BB3}.Release|x64.Build.0 = Release|x64
		{589E5390-40AC-47FE-BDBF-6D608B871BB3}.Release|x86.ActiveCfg = Release|Win32
		{589E5390-40AC-47FE-BDBF-6D608B871BB3}.Release|x86.Build.0 = Release|Win32
	EndGlobalSection
	GlobalSection(SolutionProperties) = preSolution
		HideSolutionNode = FALSE
	EndGlobalSection
	GlobalSection(ExtensibilityGlobals) = postSolution
		SolutionGuid = {63450D4D-233C-43B2-BC4A-84699A6D5FD6}
	EndGlobalSection
EndGlobal
